{
  "name": "learning-nodejs-main",
  "version": "1.2.4",
  "lockfileVersion": 3,
  "requires": true,
  "packages": {
    "": {
      "name": "learning-nodejs-main",
      "version": "1.2.4",
      "license": "MIT",
      "dependencies": {
        "text-ciphers": "^0.5.2"
      }
    },
    "node_modules/text-ciphers": {
      "version": "0.5.2",
      "resolved": "https://registry.npmjs.org/text-ciphers/-/text-ciphers-0.5.2.tgz",
      "integrity": "sha1-Opgx8/Hp/HC2ggUaVGS+qXCnux0="
    }
  }
}
